
Microsoft Visual Studio Solution File, Format Version 12.00
# Visual Studio 14
VisualStudioVersion = 14.0.23107.0
MinimumVisualStudioVersion = 10.0.40219.1
Project("{FAE04EC0-301F-11D3-BF4B-00C04F79EFBC}") = "OKHOSTING.Sql", "OKHOSTING.Sql\OKHOSTING.Sql.csproj", "{DCEAD90D-4031-4C10-983E-B6E71F4A8B2F}"
EndProject
Project("{FAE04EC0-301F-11D3-BF4B-00C04F79EFBC}") = "OKHOSTING.Sql.MySql", "OKHOSTING.Sql.MySql\OKHOSTING.Sql.MySql.csproj", "{0A304A16-0F65-4CE6-A878-41263293021C}"
EndProject
Project("{FAE04EC0-301F-11D3-BF4B-00C04F79EFBC}") = "OKHOSTING.Sql.OrmLite", "OKHOSTING.Sql.OrmLite\OKHOSTING.Sql.OrmLite.csproj", "{38640244-DB86-4E4F-8623-BA1F03A04537}"
EndProject
Project("{FAE04EC0-301F-11D3-BF4B-00C04F79EFBC}") = "OKHOSTING.Sql.PostgreSQL", "OKHOSTING.Sql.PostgreSQL\OKHOSTING.Sql.PostgreSQL.csproj", "{0D81D92F-8913-4820-BE1F-7FDF95A005CB}"
EndProject
Project("{FAE04EC0-301F-11D3-BF4B-00C04F79EFBC}") = "OKHOSTING.Sql.SQLite", "OKHOSTING.Sql.SQLite\OKHOSTING.Sql.SQLite.csproj", "{D4A97070-C6CA-4304-B6C1-3DE5E7BFB5FD}"
EndProject
Project("{FAE04EC0-301F-11D3-BF4B-00C04F79EFBC}") = "OKHOSTING.Sql.ORM", "OKHOSTING.Sql.ORM\OKHOSTING.Sql.ORM.csproj", "{DE7EF600-96A1-468D-93C4-5BC815E62390}"
EndProject
Project("{FAE04EC0-301F-11D3-BF4B-00C04F79EFBC}") = "OKHOSTING.Sql.EF", "OKHOSTING.Sql.EF\OKHOSTING.Sql.EF.csproj", "{187EBB2C-61D2-4252-88FE-7477ED7013A6}"
EndProject
Project("{FAE04EC0-301F-11D3-BF4B-00C04F79EFBC}") = "OKHOSTING.Sql.Tests", "..\test\OKHOSTING.Sql.Tests\OKHOSTING.Sql.Tests.csproj", "{E86AE8F8-E836-4D07-AD59-F25BB380E5D3}"
EndProject
Project("{FAE04EC0-301F-11D3-BF4B-00C04F79EFBC}") = "OKHOSTING.Sql.ORM.Tests", "..\test\OKHOSTING.Sql.ORM.Tests\OKHOSTING.Sql.ORM.Tests.csproj", "{894819BF-EFB8-4A15-A701-1AE5FDC7095F}"
EndProject
Project("{2150E333-8FDC-42A3-9474-1A3956D46DE8}") = "Tests", "Tests", "{3DED41BD-EFC8-471F-8DA3-D8478926ABBE}"
EndProject
Project("{FAE04EC0-301F-11D3-BF4B-00C04F79EFBC}") = "OKHOSTING.Core", "..\..\OKHOSTING.Core\src\OKHOSTING.Core\OKHOSTING.Core.csproj", "{5F753619-FD61-4E33-B1D4-3E3E34879A0A}"
EndProject
Project("{FAE04EC0-301F-11D3-BF4B-00C04F79EFBC}") = "OKHOSTING.Core.Cryptography", "..\..\OKHOSTING.Core\src\OKHOSTING.Core.Cryptography\OKHOSTING.Core.Cryptography.csproj", "{88FA702F-1354-4ABC-ABC3-540CD659BD57}"
EndProject
Project("{2150E333-8FDC-42A3-9474-1A3956D46DE8}") = "References", "References", "{21A25142-71EF-40E1-947A-ABB5249A7685}"
EndProject
Project("{FAE04EC0-301F-11D3-BF4B-00C04F79EFBC}") = "OKHOSTING.Sql.ORM.UI.Web.Forms", "OKHOSTING.Sql.ORM.UI.Web.Forms\OKHOSTING.Sql.ORM.UI.Web.Forms.csproj", "{DFD3EA16-146C-41D5-80E0-17CB81ADA125}"
EndProject
Global
	GlobalSection(SolutionConfigurationPlatforms) = preSolution
		Debug|Any CPU = Debug|Any CPU
		Net4|Any CPU = Net4|Any CPU
		Release|Any CPU = Release|Any CPU
	EndGlobalSection
	GlobalSection(ProjectConfigurationPlatforms) = postSolution
		{DCEAD90D-4031-4C10-983E-B6E71F4A8B2F}.Debug|Any CPU.ActiveCfg = Debug|Any CPU
		{DCEAD90D-4031-4C10-983E-B6E71F4A8B2F}.Debug|Any CPU.Build.0 = Debug|Any CPU
		{DCEAD90D-4031-4C10-983E-B6E71F4A8B2F}.Net4|Any CPU.ActiveCfg = Release|Any CPU
		{DCEAD90D-4031-4C10-983E-B6E71F4A8B2F}.Net4|Any CPU.Build.0 = Release|Any CPU
		{DCEAD90D-4031-4C10-983E-B6E71F4A8B2F}.Release|Any CPU.ActiveCfg = Release|Any CPU
		{DCEAD90D-4031-4C10-983E-B6E71F4A8B2F}.Release|Any CPU.Build.0 = Release|Any CPU
		{0A304A16-0F65-4CE6-A878-41263293021C}.Debug|Any CPU.ActiveCfg = Debug|Any CPU
		{0A304A16-0F65-4CE6-A878-41263293021C}.Debug|Any CPU.Build.0 = Debug|Any CPU
		{0A304A16-0F65-4CE6-A878-41263293021C}.Net4|Any CPU.ActiveCfg = Release|Any CPU
		{0A304A16-0F65-4CE6-A878-41263293021C}.Net4|Any CPU.Build.0 = Release|Any CPU
		{0A304A16-0F65-4CE6-A878-41263293021C}.Release|Any CPU.ActiveCfg = Release|Any CPU
		{0A304A16-0F65-4CE6-A878-41263293021C}.Release|Any CPU.Build.0 = Release|Any CPU
		{38640244-DB86-4E4F-8623-BA1F03A04537}.Debug|Any CPU.ActiveCfg = Debug|Any CPU
		{38640244-DB86-4E4F-8623-BA1F03A04537}.Debug|Any CPU.Build.0 = Debug|Any CPU
		{38640244-DB86-4E4F-8623-BA1F03A04537}.Net4|Any CPU.ActiveCfg = Release|Any CPU
		{38640244-DB86-4E4F-8623-BA1F03A04537}.Net4|Any CPU.Build.0 = Release|Any CPU
		{38640244-DB86-4E4F-8623-BA1F03A04537}.Release|Any CPU.ActiveCfg = Release|Any CPU
		{38640244-DB86-4E4F-8623-BA1F03A04537}.Release|Any CPU.Build.0 = Release|Any CPU
		{0D81D92F-8913-4820-BE1F-7FDF95A005CB}.Debug|Any CPU.ActiveCfg = Debug|Any CPU
		{0D81D92F-8913-4820-BE1F-7FDF95A005CB}.Debug|Any CPU.Build.0 = Debug|Any CPU
		{0D81D92F-8913-4820-BE1F-7FDF95A005CB}.Net4|Any CPU.ActiveCfg = Release|Any CPU
		{0D81D92F-8913-4820-BE1F-7FDF95A005CB}.Net4|Any CPU.Build.0 = Release|Any CPU
		{0D81D92F-8913-4820-BE1F-7FDF95A005CB}.Release|Any CPU.ActiveCfg = Release|Any CPU
		{0D81D92F-8913-4820-BE1F-7FDF95A005CB}.Release|Any CPU.Build.0 = Release|Any CPU
		{D4A97070-C6CA-4304-B6C1-3DE5E7BFB5FD}.Debug|Any CPU.ActiveCfg = Debug|Any CPU
		{D4A97070-C6CA-4304-B6C1-3DE5E7BFB5FD}.Debug|Any CPU.Build.0 = Debug|Any CPU
		{D4A97070-C6CA-4304-B6C1-3DE5E7BFB5FD}.Net4|Any CPU.ActiveCfg = Release|Any CPU
		{D4A97070-C6CA-4304-B6C1-3DE5E7BFB5FD}.Net4|Any CPU.Build.0 = Release|Any CPU
		{D4A97070-C6CA-4304-B6C1-3DE5E7BFB5FD}.Release|Any CPU.ActiveCfg = Release|Any CPU
		{D4A97070-C6CA-4304-B6C1-3DE5E7BFB5FD}.Release|Any CPU.Build.0 = Release|Any CPU
		{DE7EF600-96A1-468D-93C4-5BC815E62390}.Debug|Any CPU.ActiveCfg = Debug|Any CPU
		{DE7EF600-96A1-468D-93C4-5BC815E62390}.Debug|Any CPU.Build.0 = Debug|Any CPU
		{DE7EF600-96A1-468D-93C4-5BC815E62390}.Net4|Any CPU.ActiveCfg = Release|Any CPU
		{DE7EF600-96A1-468D-93C4-5BC815E62390}.Net4|Any CPU.Build.0 = Release|Any CPU
		{DE7EF600-96A1-468D-93C4-5BC815E62390}.Release|Any CPU.ActiveCfg = Release|Any CPU
		{DE7EF600-96A1-468D-93C4-5BC815E62390}.Release|Any CPU.Build.0 = Release|Any CPU
		{187EBB2C-61D2-4252-88FE-7477ED7013A6}.Debug|Any CPU.ActiveCfg = Debug|Any CPU
		{187EBB2C-61D2-4252-88FE-7477ED7013A6}.Debug|Any CPU.Build.0 = Debug|Any CPU
		{187EBB2C-61D2-4252-88FE-7477ED7013A6}.Net4|Any CPU.ActiveCfg = Release|Any CPU
		{187EBB2C-61D2-4252-88FE-7477ED7013A6}.Net4|Any CPU.Build.0 = Release|Any CPU
		{187EBB2C-61D2-4252-88FE-7477ED7013A6}.Release|Any CPU.ActiveCfg = Release|Any CPU
		{187EBB2C-61D2-4252-88FE-7477ED7013A6}.Release|Any CPU.Build.0 = Release|Any CPU
		{E86AE8F8-E836-4D07-AD59-F25BB380E5D3}.Debug|Any CPU.ActiveCfg = Debug|Any CPU
		{E86AE8F8-E836-4D07-AD59-F25BB380E5D3}.Debug|Any CPU.Build.0 = Debug|Any CPU
		{E86AE8F8-E836-4D07-AD59-F25BB380E5D3}.Net4|Any CPU.ActiveCfg = Release|Any CPU
		{E86AE8F8-E836-4D07-AD59-F25BB380E5D3}.Net4|Any CPU.Build.0 = Release|Any CPU
		{E86AE8F8-E836-4D07-AD59-F25BB380E5D3}.Release|Any CPU.ActiveCfg = Release|Any CPU
		{E86AE8F8-E836-4D07-AD59-F25BB380E5D3}.Release|Any CPU.Build.0 = Release|Any CPU
		{894819BF-EFB8-4A15-A701-1AE5FDC7095F}.Debug|Any CPU.ActiveCfg = Debug|Any CPU
		{894819BF-EFB8-4A15-A701-1AE5FDC7095F}.Debug|Any CPU.Build.0 = Debug|Any CPU
		{894819BF-EFB8-4A15-A701-1AE5FDC7095F}.Net4|Any CPU.ActiveCfg = Release|Any CPU
		{894819BF-EFB8-4A15-A701-1AE5FDC7095F}.Net4|Any CPU.Build.0 = Release|Any CPU
		{894819BF-EFB8-4A15-A701-1AE5FDC7095F}.Release|Any CPU.ActiveCfg = Release|Any CPU
		{894819BF-EFB8-4A15-A701-1AE5FDC7095F}.Release|Any CPU.Build.0 = Release|Any CPU
		{5F753619-FD61-4E33-B1D4-3E3E34879A0A}.Debug|Any CPU.ActiveCfg = Debug|Any CPU
		{5F753619-FD61-4E33-B1D4-3E3E34879A0A}.Debug|Any CPU.Build.0 = Debug|Any CPU
		{5F753619-FD61-4E33-B1D4-3E3E34879A0A}.Net4|Any CPU.ActiveCfg = Release|Any CPU
		{5F753619-FD61-4E33-B1D4-3E3E34879A0A}.Net4|Any CPU.Build.0 = Release|Any CPU
		{5F753619-FD61-4E33-B1D4-3E3E34879A0A}.Release|Any CPU.ActiveCfg = Release|Any CPU
		{5F753619-FD61-4E33-B1D4-3E3E34879A0A}.Release|Any CPU.Build.0 = Release|Any CPU
		{88FA702F-1354-4ABC-ABC3-540CD659BD57}.Debug|Any CPU.ActiveCfg = Debug|Any CPU
		{88FA702F-1354-4ABC-ABC3-540CD659BD57}.Debug|Any CPU.Build.0 = Debug|Any CPU
		{88FA702F-1354-4ABC-ABC3-540CD659BD57}.Net4|Any CPU.ActiveCfg = Release|Any CPU
		{88FA702F-1354-4ABC-ABC3-540CD659BD57}.Net4|Any CPU.Build.0 = Release|Any CPU
		{88FA702F-1354-4ABC-ABC3-540CD659BD57}.Release|Any CPU.ActiveCfg = Release|Any CPU
		{88FA702F-1354-4ABC-ABC3-540CD659BD57}.Release|Any CPU.Build.0 = Release|Any CPU
		{DFD3EA16-146C-41D5-80E0-17CB81ADA125}.Debug|Any CPU.ActiveCfg = Debug|Any CPU
		{DFD3EA16-146C-41D5-80E0-17CB81ADA125}.Debug|Any CPU.Build.0 = Debug|Any CPU
		{DFD3EA16-146C-41D5-80E0-17CB81ADA125}.Net4|Any CPU.ActiveCfg = Release|Any CPU
		{DFD3EA16-146C-41D5-80E0-17CB81ADA125}.Net4|Any CPU.Build.0 = Release|Any CPU
		{DFD3EA16-146C-41D5-80E0-17CB81ADA125}.Release|Any CPU.ActiveCfg = Release|Any CPU
		{DFD3EA16-146C-41D5-80E0-17CB81ADA125}.Release|Any CPU.Build.0 = Release|Any CPU
	EndGlobalSection
	GlobalSection(SolutionProperties) = preSolution
		HideSolutionNode = FALSE
	EndGlobalSection
	GlobalSection(NestedProjects) = preSolution
		{E86AE8F8-E836-4D07-AD59-F25BB380E5D3} = {3DED41BD-EFC8-471F-8DA3-D8478926ABBE}
		{894819BF-EFB8-4A15-A701-1AE5FDC7095F} = {3DED41BD-EFC8-471F-8DA3-D8478926ABBE}
		{5F753619-FD61-4E33-B1D4-3E3E34879A0A} = {21A25142-71EF-40E1-947A-ABB5249A7685}
		{88FA702F-1354-4ABC-ABC3-540CD659BD57} = {21A25142-71EF-40E1-947A-ABB5249A7685}
	EndGlobalSection
EndGlobal
